
Microsoft Visual Studio Solution File, Format Version 12.00
# Visual Studio Version 17
VisualStudioVersion = 17.4.33205.214
MinimumVisualStudioVersion = 10.0.40219.1
Project("{888888A0-9F3D-457C-B088-3A5042F75D52}") = "Laborator1", "Laborator1.pyproj", "{9CFADC26-CB6A-4967-96F9-8DD21E95C3C4}"
EndProject
Global
	GlobalSection(SolutionConfigurationPlatforms) = preSolution
		Debug|Any CPU = Debug|Any CPU
		Release|Any CPU = Release|Any CPU
	EndGlobalSection
	GlobalSection(ProjectConfigurationPlatforms) = postSolution
		{9CFADC26-CB6A-4967-96F9-8DD21E95C3C4}.Debug|Any CPU.ActiveCfg = Debug|Any CPU
		{9CFADC26-CB6A-4967-96F9-8DD21E95C3C4}.Release|Any CPU.ActiveCfg = Release|Any CPU
	EndGlobalSection
	GlobalSection(SolutionProperties) = preSolution
		HideSolutionNode = FALSE
	EndGlobalSection
	GlobalSection(ExtensibilityGlobals) = postSolution
		SolutionGuid = {B17F2AE3-8A9D-4E33-A5DD-CF997D8B2FC6}
	EndGlobalSection
EndGlobal
